
Microsoft Visual Studio Solution File, Format Version 12.00
# Visual Studio 15
VisualStudioVersion = 15.0.26430.16
MinimumVisualStudioVersion = 10.0.40219.1
Project("{FAE04EC0-301F-11D3-BF4B-00C04F79EFBC}") = "Uvodni", "ConsoleApp1\Uvodni.csproj", "{31F30331-D9D7-4529-9C4C-B096F2654F21}"
EndProject
Project("{FAE04EC0-301F-11D3-BF4B-00C04F79EFBC}") = "Zbroj", "Zbroj\Zbroj.csproj", "{C3C66636-DBD4-41DC-8DB3-30767DE6F3DC}"
EndProject
Project("{2150E333-8FDC-42A3-9474-1A3956D46DE8}") = "4.1_Uvod", "4.1_Uvod", "{74083E6E-C429-479A-AD58-4BD833B19369}"
EndProject
Project("{FAE04EC0-301F-11D3-BF4B-00C04F79EFBC}") = "Hello", "Hello\Hello.csproj", "{13899A68-2D0F-45F0-8D4F-4AFB51FB68A8}"
EndProject
Project("{FAE04EC0-301F-11D3-BF4B-00C04F79EFBC}") = "IspisBrojeva", "IspisBrojeva\IspisBrojeva.csproj", "{FF63A7B0-B59B-4127-AF16-C4E593ABAF47}"
EndProject
Project("{FAE04EC0-301F-11D3-BF4B-00C04F79EFBC}") = "LedisteiVrelisteVode", "LedisteiVrelisteVode\LedisteiVrelisteVode.csproj", "{1DCA7E30-01FE-4BFB-A827-35C93692BC35}"
EndProject
Project("{2150E333-8FDC-42A3-9474-1A3956D46DE8}") = "5.1_Varijable", "5.1_Varijable", "{73471248-6D65-41EF-B284-F7426C364569}"
EndProject
Project("{FAE04EC0-301F-11D3-BF4B-00C04F79EFBC}") = "zbroj_razlika", "zbroj_razlika\zbroj_razlika.csproj", "{B17809E6-5221-4931-AF1E-30223819514F}"
EndProject
Project("{2150E333-8FDC-42A3-9474-1A3956D46DE8}") = "5.2_Uvjetno_grananje", "5.2_Uvjetno_grananje", "{83925258-A7FF-4B3B-B547-71A4F832FC87}"
EndProject
Project("{FAE04EC0-301F-11D3-BF4B-00C04F79EFBC}") = "broj_veci_od10", "broj_veci_od10\broj_veci_od10.csproj", "{D12EBBE6-842E-4E4E-B892-5B099C8C5E01}"
EndProject
Project("{FAE04EC0-301F-11D3-BF4B-00C04F79EFBC}") = "5.2.3.velik_broj", "5.2.3.velik_broj\5.2.3.velik_broj.csproj", "{6909941D-B2FD-4F83-BBB4-50884082FBA6}"
EndProject
Project("{FAE04EC0-301F-11D3-BF4B-00C04F79EFBC}") = "5.2.4.znamenkasti_broj", "5.2.4.znamenkasti_broj\5.2.4.znamenkasti_broj.csproj", "{8594016F-3CA7-498B-B483-7F26EE7D6214}"
EndProject
Project("{FAE04EC0-301F-11D3-BF4B-00C04F79EFBC}") = "5.2.5u_intervalu", "5.2.5u_intervalu\5.2.5u_intervalu.csproj", "{F7AA6A58-3D1D-41A5-9476-30578F9547EE}"
EndProject
Project("{FAE04EC0-301F-11D3-BF4B-00C04F79EFBC}") = "5.2.6dodaj_broj1", "5.2.6dodaj_broj1\5.2.6dodaj_broj1.csproj", "{F08CB313-1428-4E99-A079-9F563C75B929}"
EndProject
Project("{FAE04EC0-301F-11D3-BF4B-00C04F79EFBC}") = "5.2.7dodaj_broj2", "5.2.7dodaj_broj2\5.2.7dodaj_broj2.csproj", "{FCA814A5-51D1-4F8C-8711-CB63FC060C1B}"
EndProject
Project("{FAE04EC0-301F-11D3-BF4B-00C04F79EFBC}") = "5.2.8prijestupna_godina", "5.2.8prijestupna_godina\5.2.8prijestupna_godina.csproj", "{1986F4D5-D66F-4647-964A-C0F585370F58}"
EndProject
Project("{FAE04EC0-301F-11D3-BF4B-00C04F79EFBC}") = "5.2.9cjelobrojno_dijeljenje", "5.2.9cjelobrojno_dijeljenje\5.2.9cjelobrojno_dijeljenje.csproj", "{75DB3D00-EC4B-49ED-A400-2F82ABA6F11C}"
EndProject
Project("{2150E333-8FDC-42A3-9474-1A3956D46DE8}") = "5.3_ciklicke_petlje", "5.3_ciklicke_petlje", "{ADDABB52-DF7D-4273-A466-53F9102016BE}"
EndProject
Project("{FAE04EC0-301F-11D3-BF4B-00C04F79EFBC}") = "Petlje_primjeri_for", "Petlje_primjeri\Petlje_primjeri_for.csproj", "{937DA192-E163-4EAF-91D1-EF7426219CFA}"
EndProject
Project("{FAE04EC0-301F-11D3-BF4B-00C04F79EFBC}") = "5.3.1.1primjer", "5.3.1.1primjer\5.3.1.1primjer.csproj", "{F62641A5-8533-407E-9BCA-4C7E6699B5D2}"
EndProject
Project("{FAE04EC0-301F-11D3-BF4B-00C04F79EFBC}") = "Petlja_primjeri_while", "Petlja_primjeri_while\Petlja_primjeri_while.csproj", "{C4B28FE6-9F7C-4F4F-B7F7-9A2DEC0E89B3}"
EndProject
Project("{FAE04EC0-301F-11D3-BF4B-00C04F79EFBC}") = "5.3.1neparni_brojevi_do20", "5.3.1neparni_brojevi_do20\5.3.1neparni_brojevi_do20.csproj", "{9600FACF-971B-49A5-8C09-80CEAEA0398B}"
EndProject
Project("{FAE04EC0-301F-11D3-BF4B-00C04F79EFBC}") = "5.2.1.1pozitivan", "5.2.1.1pozitivan\5.2.1.1pozitivan.csproj", "{B30B96F1-9507-4C55-973A-52B0F7770AF5}"
EndProject
Project("{FAE04EC0-301F-11D3-BF4B-00C04F79EFBC}") = "5.2.2switch", "5.2.2switch\5.2.2switch.csproj", "{2DC01498-374F-434E-A77A-81AB3AE1C0C5}"
EndProject
Project("{FAE04EC0-301F-11D3-BF4B-00C04F79EFBC}") = "5.2.3.exception_primjer", "5.2.3.exception_primjer\5.2.3.exception_primjer.csproj", "{C1595BBC-5858-408C-AED1-A8255446B411}"
EndProject
Project("{FAE04EC0-301F-11D3-BF4B-00C04F79EFBC}") = "primjer5.2.4.3", "primjer5.2.4.3\primjer5.2.4.3.csproj", "{A2DE3D15-83BE-4830-8837-496D310F62DC}"
EndProject
Project("{FAE04EC0-301F-11D3-BF4B-00C04F79EFBC}") = "primjer5.2.4.2", "primjer5.2.4.2\primjer5.2.4.2.csproj", "{4CAAEBEB-9652-4C96-B19B-937E2EC5F29B}"
EndProject
Project("{FAE04EC0-301F-11D3-BF4B-00C04F79EFBC}") = "primjer5.2.5", "primjer5.2.5\primjer5.2.5.csproj", "{DB13900F-0137-4254-ADD7-EBF481F4C87F}"
EndProject
Project("{FAE04EC0-301F-11D3-BF4B-00C04F79EFBC}") = "5.3.7.ispis", "5.3.7.ispis\5.3.7.ispis.csproj", "{BF7AB833-F781-4072-8051-125587E9D373}"
EndProject
Project("{FAE04EC0-301F-11D3-BF4B-00C04F79EFBC}") = "5.3.8.koliko", "5.3.8.koliko\5.3.8.koliko.csproj", "{85D12337-7A9A-4E11-A912-C71E7B0E8AEC}"
EndProject
Project("{2150E333-8FDC-42A3-9474-1A3956D46DE8}") = "DZ", "DZ", "{2D99535F-76EA-475D-A1E1-A1EB84152F58}"
EndProject
Project("{FAE04EC0-301F-11D3-BF4B-00C04F79EFBC}") = "5.3.9.djelitelji", "5.3.9.djelitelji\5.3.9.djelitelji.csproj", "{DD161EBE-E126-4084-9985-C5AC38B2A025}"
EndProject
Project("{FAE04EC0-301F-11D3-BF4B-00C04F79EFBC}") = "5.3.11.savrseni_brojevi", "5.3.11.savrseni_brojevi\5.3.11.savrseni_brojevi.csproj", "{78B321F3-0E83-4CC7-A2D9-0DF4571AF1BD}"
EndProject
Project("{FAE04EC0-301F-11D3-BF4B-00C04F79EFBC}") = "5.3.13.min-max", "5.3.13.min-max\5.3.13.min-max.csproj", "{A0CEED2C-8769-4917-AA47-C2E749517AAA}"
EndProject
Project("{FAE04EC0-301F-11D3-BF4B-00C04F79EFBC}") = "5.3.15.ispis_unatrag", "5.3.15.ispis_unatrag\5.3.15.ispis_unatrag.csproj", "{3F83F4AE-5BC9-4741-8324-4661AE3D0295}"
EndProject
Project("{FAE04EC0-301F-11D3-BF4B-00C04F79EFBC}") = "5.3.17.potencije2", "5.3.17.potencije2\5.3.17.potencije2.csproj", "{43CEEEBB-E38E-4500-8922-435B014C6EAE}"
EndProject
Project("{FAE04EC0-301F-11D3-BF4B-00C04F79EFBC}") = "5.3.19.suma", "5.3.19.suma\5.3.19.suma.csproj", "{8BD04D63-9C3A-4FB0-92CD-F41E94465B8D}"
EndProject
Project("{FAE04EC0-301F-11D3-BF4B-00C04F79EFBC}") = "5.3.21.zavrsni_uspjeh", "5.3.21.zavrsni_uspjeh\5.3.21.zavrsni_uspjeh.csproj", "{71D6B846-2420-4C73-8920-8BDF88D04D8F}"
EndProject
Project("{FAE04EC0-301F-11D3-BF4B-00C04F79EFBC}") = "5.3.10.savrsen_broj", "5.3.10.savrsen_broj\5.3.10.savrsen_broj.csproj", "{E08105CC-9628-45F0-AE0A-E30B0C3ABF43}"
EndProject
Project("{FAE04EC0-301F-11D3-BF4B-00C04F79EFBC}") = "5.3.12.suma_i_prosjek", "5.3.12.suma_i_prosjek\5.3.12.suma_i_prosjek.csproj", "{DE7F0C14-26BD-4600-B9F6-AA9FE7928FC2}"
EndProject
Project("{FAE04EC0-301F-11D3-BF4B-00C04F79EFBC}") = "5.3.14.neparni_brojevi", "5.3.14.neparni_brojevi\5.3.14.neparni_brojevi.csproj", "{CEEDE170-1782-4DA6-8121-0CEE96C219F9}"
EndProject
Project("{FAE04EC0-301F-11D3-BF4B-00C04F79EFBC}") = "5.3.16.potencije1", "5.3.16.potencije1\5.3.16.potencije1.csproj", "{D0AE79A0-1BB2-4288-8945-C5081D6EAF88}"
EndProject
Project("{FAE04EC0-301F-11D3-BF4B-00C04F79EFBC}") = "5.3.18.unos_ocjene", "5.3.18.unos_ocjene\5.3.18.unos_ocjene.csproj", "{393925BD-CF97-4FD5-A7A1-9B47A1731474}"
EndProject
Project("{FAE04EC0-301F-11D3-BF4B-00C04F79EFBC}") = "5.3.20.par_nepar", "5.3.20.par_nepar\5.3.20.par_nepar.csproj", "{DB715166-23EE-41E2-A31B-A93568735A1B}"
EndProject
Project("{FAE04EC0-301F-11D3-BF4B-00C04F79EFBC}") = "5.3.22.kalkulator2", "5.3.22.kalkulator2\5.3.22.kalkulator2.csproj", "{C7C16978-DFF8-40D1-807F-0D43CBFEE21F}"
EndProject
Project("{2150E333-8FDC-42A3-9474-1A3956D46DE8}") = "6.1_Nizovi", "6.1_Nizovi", "{9C6F7C3F-227A-4390-8928-BED9C79D4744}"
EndProject
Project("{FAE04EC0-301F-11D3-BF4B-00C04F79EFBC}") = "6.1.1.primjer", "6.1.1.primjer\6.1.1.primjer.csproj", "{3FE9FDB3-9C80-4A3A-9BC5-C6AA82825E1A}"
EndProject
Project("{FAE04EC0-301F-11D3-BF4B-00C04F79EFBC}") = "6.2.1.1.primjer", "6.2.1.1.primjer\6.2.1.1.primjer.csproj", "{D8EA5A5E-C988-45FB-BB87-F07DCB737FD6}"
EndProject
Project("{FAE04EC0-301F-11D3-BF4B-00C04F79EFBC}") = "6.1.2.max_niz", "6.1.2.max_niz\6.1.2.max_niz.csproj", "{AB196540-C915-41CB-B99C-29C3BBECD740}"
EndProject
Project("{FAE04EC0-301F-11D3-BF4B-00C04F79EFBC}") = "6.2.2.primjer_exception", "6.2.2.primjer_exception\6.2.2.primjer_exception.csproj", "{FA4458EF-E334-4B75-9383-3810CBB322CD}"
EndProject
Project("{FAE04EC0-301F-11D3-BF4B-00C04F79EFBC}") = "6.2.3.generics", "6.2.3.generics\6.2.3.generics.csproj", "{FC8C56BE-9036-4573-BD1A-F7F70086472D}"
EndProject
Project("{FAE04EC0-301F-11D3-BF4B-00C04F79EFBC}") = "6.2.2.zbirka_generics_parnepar", "6.2.2.zbirka_generics_parnepar\6.2.2.zbirka_generics_parnepar.csproj", "{58D473C7-5856-4BD6-B943-66A198EAD479}"
EndProject
Project("{FAE04EC0-301F-11D3-BF4B-00C04F79EFBC}") = "6.2.3.zbirka.sort", "6.2.3.zbirka.sort\6.2.3.zbirka.sort.csproj", "{D9C79D20-13CE-453C-9634-681EA1E7CF8D}"
EndProject
Project("{FAE04EC0-301F-11D3-BF4B-00C04F79EFBC}") = "6.2.4.zbirka.znamenke", "6.2.4.zbirka.znamenke\6.2.4.zbirka.znamenke.csproj", "{62E843A4-D233-4AE1-9546-244E8F1ADF9F}"
EndProject
Project("{FAE04EC0-301F-11D3-BF4B-00C04F79EFBC}") = "6.2.4.zbirka.drugi_nacin", "6.2.4.zbirka.drugi_nacin\6.2.4.zbirka.drugi_nacin.csproj", "{0455CE53-4579-4B61-B4BB-02B2A9205866}"
EndProject
Project("{FAE04EC0-301F-11D3-BF4B-00C04F79EFBC}") = "6.2.5.zbirka.prosti_faktori", "6.2.5.zbirka.prosti_faktori\6.2.5.zbirka.prosti_faktori.csproj", "{868A0E5F-B94B-41BE-98BA-5EC474DB4A63}"
EndProject
Project("{2150E333-8FDC-42A3-9474-1A3956D46DE8}") = "7.1_Procedure", "7.1_Procedure", "{4B7CAA29-3420-4A34-AC09-BFF1732447F8}"
EndProject
Project("{FAE04EC0-301F-11D3-BF4B-00C04F79EFBC}") = "7.2.potprogrami", "7.2.potprogrami\7.2.potprogrami.csproj", "{1AC614FA-D73B-46C3-A048-1C8BC896EE8A}"
EndProject
Project("{FAE04EC0-301F-11D3-BF4B-00C04F79EFBC}") = "7.2.2.primjer_prirucnik", "7.2.2.primjer_prirucnik\7.2.2.primjer_prirucnik.csproj", "{B1B9DB9C-3809-4EDF-B678-11DC8CFDE727}"
EndProject
Project("{2150E333-8FDC-42A3-9474-1A3956D46DE8}") = "DZ-6.3.", "DZ-6.3.", "{FC177D01-9509-4039-8DB1-5711A223F6E1}"
EndProject
Project("{FAE04EC0-301F-11D3-BF4B-00C04F79EFBC}") = "7.2.1.krug", "7.2.1.krug\7.2.1.krug.csproj", "{7BAD5A10-E2BA-4011-A1C8-4FDA4E10196B}"
EndProject
Project("{FAE04EC0-301F-11D3-BF4B-00C04F79EFBC}") = "7.2.2.jednakokracan_trokut", "7.2.2.jednakokracan_trokut\7.2.2.jednakokracan_trokut.csproj", "{E3D5B4BB-4C94-4CCB-A254-32C862642A11}"
EndProject
Project("{FAE04EC0-301F-11D3-BF4B-00C04F79EFBC}") = "7.2.3.ks_u_kw", "7.2.3.ks_u_kw\7.2.3.ks_u_kw.csproj", "{1B5910B2-D351-4EB4-8A4F-BEC17087F95F}"
EndProject
Project("{FAE04EC0-301F-11D3-BF4B-00C04F79EFBC}") = "7.2.4.celzij_u_fahrenheit", "7.2.4.celzij_u_fahrenheit\7.2.4.celzij_u_fahrenheit.csproj", "{9C5CD778-9960-493D-81CF-93976ABBA5F8}"
EndProject
Project("{FAE04EC0-301F-11D3-BF4B-00C04F79EFBC}") = "7.2.5.udaljenost", "7.2.5.udaljenost\7.2.5.udaljenost.csproj", "{3F475920-4A1F-441B-ABB7-6A2FE752D66A}"
EndProject
Project("{FAE04EC0-301F-11D3-BF4B-00C04F79EFBC}") = "7.2.6.prost_broj", "7.2.6.prost_broj\7.2.6.prost_broj.csproj", "{97D755BA-455C-47A5-9175-F50C057B40EA}"
EndProject
Project("{FAE04EC0-301F-11D3-BF4B-00C04F79EFBC}") = "7.2.7.prost_broj_ponovno", "7.2.7.prost_broj_ponovno\7.2.7.prost_broj_ponovno.csproj", "{3E80A416-DD04-42C3-9F7A-8FFC351F8977}"
EndProject
Project("{FAE04EC0-301F-11D3-BF4B-00C04F79EFBC}") = "7.2.8.faktorijel", "7.2.8.faktorijel\7.2.8.faktorijel.csproj", "{49CED12E-BEC8-4349-B2DF-9CB1BA797B51}"
EndProject
Project("{FAE04EC0-301F-11D3-BF4B-00C04F79EFBC}") = "7.2.9.prosjek", "7.2.9.prosjek\7.2.9.prosjek.csproj", "{E330BC71-4A82-44CE-BB54-882B3E1EE9F9}"
EndProject
Project("{FAE04EC0-301F-11D3-BF4B-00C04F79EFBC}") = "7.2.10.ukupna_cijena", "7.2.10.ukupna_cijena\7.2.10.ukupna_cijena.csproj", "{60A876FC-FB74-4968-9EFC-7A84D2341470}"
EndProject
Project("{FAE04EC0-301F-11D3-BF4B-00C04F79EFBC}") = "7.2.11.parni_i_neparni", "7.2.11.parni_i_neparni\7.2.11.parni_i_neparni.csproj", "{74500995-72AB-4844-A874-7A97900C189F}"
EndProject
Project("{2150E333-8FDC-42A3-9474-1A3956D46DE8}") = "DZ-6.3.-obrnuto", "DZ-6.3.-obrnuto", "{A1A0FD93-18F2-45DD-AE7F-6B591F9657F3}"
EndProject
Project("{FAE04EC0-301F-11D3-BF4B-00C04F79EFBC}") = "7.2.1.obrnuto", "7.2.1.obrnuto\7.2.1.obrnuto.csproj", "{9F0D6379-A1B9-4989-987E-9852F6861626}"
EndProject
Project("{FAE04EC0-301F-11D3-BF4B-00C04F79EFBC}") = "7.2.2.obrnuto", "7.2.2.obrnuto\7.2.2.obrnuto.csproj", "{EAC3F5F1-B544-438D-814B-513B1E2009A5}"
EndProject
Project("{FAE04EC0-301F-11D3-BF4B-00C04F79EFBC}") = "7.2.3.obrnuto", "7.2.3.obrnuto\7.2.3.obrnuto.csproj", "{FD26FB0D-DE6E-45E2-BFD1-429CDA3A49FC}"
EndProject
Project("{FAE04EC0-301F-11D3-BF4B-00C04F79EFBC}") = "7.2.4.obrnuto", "7.2.4.obrnuto\7.2.4.obrnuto.csproj", "{7E0764C9-07E3-471C-9596-06EADB605993}"
EndProject
Project("{FAE04EC0-301F-11D3-BF4B-00C04F79EFBC}") = "7.2.5.obrnuto", "7.2.5.obrnuto\7.2.5.obrnuto.csproj", "{282FA8C6-4725-48BC-91F8-E4ADBC2D023C}"
EndProject
Project("{FAE04EC0-301F-11D3-BF4B-00C04F79EFBC}") = "7.2.9.obrnuto", "7.2.9.obrnuto\7.2.9.obrnuto.csproj", "{7CEAA7D9-3E91-44E4-9A8F-00C391C3E470}"
EndProject
Project("{FAE04EC0-301F-11D3-BF4B-00C04F79EFBC}") = "8.1.2-prirucnik", "8.1.2-prirucnik\8.1.2-prirucnik.csproj", "{8FD5B45A-017D-4678-81AF-06AE40780C78}"
EndProject
Project("{2150E333-8FDC-42A3-9474-1A3956D46DE8}") = "8.1_Svojstva_metode", "8.1_Svojstva_metode", "{33364F0A-CCCA-46F2-885A-3B6846418674}"
EndProject
Project("{FAE04EC0-301F-11D3-BF4B-00C04F79EFBC}") = "8.1.1.proizvod", "8.1.1.proizvod\8.1.1.proizvod.csproj", "{691A2BB1-E19B-4CCF-A2A4-BB634AE7BAAF}"
EndProject
Project("{FAE04EC0-301F-11D3-BF4B-00C04F79EFBC}") = "8.1.2.automobil", "8.1.2.automobil\8.1.2.automobil.csproj", "{6CF19FCC-95B2-41AE-BF96-F201520649C0}"
EndProject
Project("{FAE04EC0-301F-11D3-BF4B-00C04F79EFBC}") = "8.1.3.zaposlenik", "8.1.3.zaposlenik\8.1.3.zaposlenik.csproj", "{78CF3A91-69A1-4CAC-BE13-FFD26DF4CE82}"
EndProject
Project("{2150E333-8FDC-42A3-9474-1A3956D46DE8}") = "8.2_Doseg_varijabli", "8.2_Doseg_varijabli", "{DA601DB0-8A86-454E-8CE5-44BAB388BB39}"
EndProject
Project("{FAE04EC0-301F-11D3-BF4B-00C04F79EFBC}") = "8.2.1.staticprimjer", "8.2.1.static\8.2.1.staticprimjer.csproj", "{74B4EA5D-D9A9-4630-992A-C349EC78A8B2}"
EndProject
Project("{FAE04EC0-301F-11D3-BF4B-00C04F79EFBC}") = "8.2.2.static_i_instanca", "8.2.2.static_i_instanca\8.2.2.static_i_instanca.csproj", "{2482CE99-4C46-44B6-9F06-8ED8483C84E3}"
EndProject
Project("{FAE04EC0-301F-11D3-BF4B-00C04F79EFBC}") = "8.2.2.1.prirucnik", "8.2.2.1.prirucnik\8.2.2.1.prirucnik.csproj", "{4B7A99A1-9CF6-4E85-953F-14F1C0F95B06}"
EndProject
Project("{2150E333-8FDC-42A3-9474-1A3956D46DE8}") = "DZ-11.3.", "DZ-11.3.", "{BFDF221B-C695-446D-8171-0CB72C6E2733}"
EndProject
Project("{FAE04EC0-301F-11D3-BF4B-00C04F79EFBC}") = "ZadacaNagradna", "ZadacaNagradna\ZadacaNagradna.csproj", "{F89509C4-0373-4274-9A68-FF322CFAFE7E}"
EndProject
Project("{FAE04EC0-301F-11D3-BF4B-00C04F79EFBC}") = "8.2.2.2.prirucnik", "8.2.2.2.prirucnik\8.2.2.2.prirucnik.csproj", "{990B4184-80CE-4E05-8835-ECF86F85F485}"
EndProject
Project("{2150E333-8FDC-42A3-9474-1A3956D46DE8}") = "8.3_Nasljedivanje", "8.3_Nasljedivanje", "{2250B35B-E5A1-4574-826F-F87B2DAD125C}"
EndProject
Project("{FAE04EC0-301F-11D3-BF4B-00C04F79EFBC}") = "8.3.1.prirucnik", "8.3.1.prirucnik\8.3.1.prirucnik.csproj", "{C29A8B43-AA93-4623-81DC-4D7E06415B05}"
EndProject
Project("{FAE04EC0-301F-11D3-BF4B-00C04F79EFBC}") = "BusinessLayer", "BusinessLayer\BusinessLayer.csproj", "{EA8D1E93-D9F6-4B2D-A87A-15846AB6FC1A}"
EndProject
Project("{FAE04EC0-301F-11D3-BF4B-00C04F79EFBC}") = "Primjer_BusinessLayer", "Primjer_BusinessLayer\Primjer_BusinessLayer.csproj", "{7CF9DD15-87A8-4606-A22E-90DB1B76D308}"
EndProject
Project("{FAE04EC0-301F-11D3-BF4B-00C04F79EFBC}") = "Operateri", "Driveri\Operateri.csproj", "{342490DD-ABCC-4E0B-A0A2-62D87935DF51}"
EndProject
Project("{2150E333-8FDC-42A3-9474-1A3956D46DE8}") = "8.5_Dogadaji", "8.5_Dogadaji", "{85E1D7E9-F4E1-42DF-A27E-FF617D380442}"
EndProject
Project("{FAE04EC0-301F-11D3-BF4B-00C04F79EFBC}") = "8.5.1.prirucnik", "8.5.1.prirucnik\8.5.1.prirucnik.csproj", "{357988CB-6E01-4ACB-8AFC-3EEED755FE14}"
EndProject
Global
	GlobalSection(SolutionConfigurationPlatforms) = preSolution
		Debug|Any CPU = Debug|Any CPU
		Release|Any CPU = Release|Any CPU
	EndGlobalSection
	GlobalSection(ProjectConfigurationPlatforms) = postSolution
		{31F30331-D9D7-4529-9C4C-B096F2654F21}.Debug|Any CPU.ActiveCfg = Debug|Any CPU
		{31F30331-D9D7-4529-9C4C-B096F2654F21}.Debug|Any CPU.Build.0 = Debug|Any CPU
		{31F30331-D9D7-4529-9C4C-B096F2654F21}.Release|Any CPU.ActiveCfg = Release|Any CPU
		{31F30331-D9D7-4529-9C4C-B096F2654F21}.Release|Any CPU.Build.0 = Release|Any CPU
		{C3C66636-DBD4-41DC-8DB3-30767DE6F3DC}.Debug|Any CPU.ActiveCfg = Debug|Any CPU
		{C3C66636-DBD4-41DC-8DB3-30767DE6F3DC}.Debug|Any CPU.Build.0 = Debug|Any CPU
		{C3C66636-DBD4-41DC-8DB3-30767DE6F3DC}.Release|Any CPU.ActiveCfg = Release|Any CPU
		{C3C66636-DBD4-41DC-8DB3-30767DE6F3DC}.Release|Any CPU.Build.0 = Release|Any CPU
		{13899A68-2D0F-45F0-8D4F-4AFB51FB68A8}.Debug|Any CPU.ActiveCfg = Debug|Any CPU
		{13899A68-2D0F-45F0-8D4F-4AFB51FB68A8}.Debug|Any CPU.Build.0 = Debug|Any CPU
		{13899A68-2D0F-45F0-8D4F-4AFB51FB68A8}.Release|Any CPU.ActiveCfg = Release|Any CPU
		{13899A68-2D0F-45F0-8D4F-4AFB51FB68A8}.Release|Any CPU.Build.0 = Release|Any CPU
		{FF63A7B0-B59B-4127-AF16-C4E593ABAF47}.Debug|Any CPU.ActiveCfg = Debug|Any CPU
		{FF63A7B0-B59B-4127-AF16-C4E593ABAF47}.Debug|Any CPU.Build.0 = Debug|Any CPU
		{FF63A7B0-B59B-4127-AF16-C4E593ABAF47}.Release|Any CPU.ActiveCfg = Release|Any CPU
		{FF63A7B0-B59B-4127-AF16-C4E593ABAF47}.Release|Any CPU.Build.0 = Release|Any CPU
		{1DCA7E30-01FE-4BFB-A827-35C93692BC35}.Debug|Any CPU.ActiveCfg = Debug|Any CPU
		{1DCA7E30-01FE-4BFB-A827-35C93692BC35}.Debug|Any CPU.Build.0 = Debug|Any CPU
		{1DCA7E30-01FE-4BFB-A827-35C93692BC35}.Release|Any CPU.ActiveCfg = Release|Any CPU
		{1DCA7E30-01FE-4BFB-A827-35C93692BC35}.Release|Any CPU.Build.0 = Release|Any CPU
		{B17809E6-5221-4931-AF1E-30223819514F}.Debug|Any CPU.ActiveCfg = Debug|Any CPU
		{B17809E6-5221-4931-AF1E-30223819514F}.Debug|Any CPU.Build.0 = Debug|Any CPU
		{B17809E6-5221-4931-AF1E-30223819514F}.Release|Any CPU.ActiveCfg = Release|Any CPU
		{B17809E6-5221-4931-AF1E-30223819514F}.Release|Any CPU.Build.0 = Release|Any CPU
		{D12EBBE6-842E-4E4E-B892-5B099C8C5E01}.Debug|Any CPU.ActiveCfg = Debug|Any CPU
		{D12EBBE6-842E-4E4E-B892-5B099C8C5E01}.Debug|Any CPU.Build.0 = Debug|Any CPU
		{D12EBBE6-842E-4E4E-B892-5B099C8C5E01}.Release|Any CPU.ActiveCfg = Release|Any CPU
		{D12EBBE6-842E-4E4E-B892-5B099C8C5E01}.Release|Any CPU.Build.0 = Release|Any CPU
		{6909941D-B2FD-4F83-BBB4-50884082FBA6}.Debug|Any CPU.ActiveCfg = Debug|Any CPU
		{6909941D-B2FD-4F83-BBB4-50884082FBA6}.Debug|Any CPU.Build.0 = Debug|Any CPU
		{6909941D-B2FD-4F83-BBB4-50884082FBA6}.Release|Any CPU.ActiveCfg = Release|Any CPU
		{6909941D-B2FD-4F83-BBB4-50884082FBA6}.Release|Any CPU.Build.0 = Release|Any CPU
		{8594016F-3CA7-498B-B483-7F26EE7D6214}.Debug|Any CPU.ActiveCfg = Debug|Any CPU
		{8594016F-3CA7-498B-B483-7F26EE7D6214}.Debug|Any CPU.Build.0 = Debug|Any CPU
		{8594016F-3CA7-498B-B483-7F26EE7D6214}.Release|Any CPU.ActiveCfg = Release|Any CPU
		{8594016F-3CA7-498B-B483-7F26EE7D6214}.Release|Any CPU.Build.0 = Release|Any CPU
		{F7AA6A58-3D1D-41A5-9476-30578F9547EE}.Debug|Any CPU.ActiveCfg = Debug|Any CPU
		{F7AA6A58-3D1D-41A5-9476-30578F9547EE}.Debug|Any CPU.Build.0 = Debug|Any CPU
		{F7AA6A58-3D1D-41A5-9476-30578F9547EE}.Release|Any CPU.ActiveCfg = Release|Any CPU
		{F7AA6A58-3D1D-41A5-9476-30578F9547EE}.Release|Any CPU.Build.0 = Release|Any CPU
		{F08CB313-1428-4E99-A079-9F563C75B929}.Debug|Any CPU.ActiveCfg = Debug|Any CPU
		{F08CB313-1428-4E99-A079-9F563C75B929}.Debug|Any CPU.Build.0 = Debug|Any CPU
		{F08CB313-1428-4E99-A079-9F563C75B929}.Release|Any CPU.ActiveCfg = Release|Any CPU
		{F08CB313-1428-4E99-A079-9F563C75B929}.Release|Any CPU.Build.0 = Release|Any CPU
		{FCA814A5-51D1-4F8C-8711-CB63FC060C1B}.Debug|Any CPU.ActiveCfg = Debug|Any CPU
		{FCA814A5-51D1-4F8C-8711-CB63FC060C1B}.Debug|Any CPU.Build.0 = Debug|Any CPU
		{FCA814A5-51D1-4F8C-8711-CB63FC060C1B}.Release|Any CPU.ActiveCfg = Release|Any CPU
		{FCA814A5-51D1-4F8C-8711-CB63FC060C1B}.Release|Any CPU.Build.0 = Release|Any CPU
		{1986F4D5-D66F-4647-964A-C0F585370F58}.Debug|Any CPU.ActiveCfg = Debug|Any CPU
		{1986F4D5-D66F-4647-964A-C0F585370F58}.Debug|Any CPU.Build.0 = Debug|Any CPU
		{1986F4D5-D66F-4647-964A-C0F585370F58}.Release|Any CPU.ActiveCfg = Release|Any CPU
		{1986F4D5-D66F-4647-964A-C0F585370F58}.Release|Any CPU.Build.0 = Release|Any CPU
		{75DB3D00-EC4B-49ED-A400-2F82ABA6F11C}.Debug|Any CPU.ActiveCfg = Debug|Any CPU
		{75DB3D00-EC4B-49ED-A400-2F82ABA6F11C}.Debug|Any CPU.Build.0 = Debug|Any CPU
		{75DB3D00-EC4B-49ED-A400-2F82ABA6F11C}.Release|Any CPU.ActiveCfg = Release|Any CPU
		{75DB3D00-EC4B-49ED-A400-2F82ABA6F11C}.Release|Any CPU.Build.0 = Release|Any CPU
		{937DA192-E163-4EAF-91D1-EF7426219CFA}.Debug|Any CPU.ActiveCfg = Debug|Any CPU
		{937DA192-E163-4EAF-91D1-EF7426219CFA}.Debug|Any CPU.Build.0 = Debug|Any CPU
		{937DA192-E163-4EAF-91D1-EF7426219CFA}.Release|Any CPU.ActiveCfg = Release|Any CPU
		{937DA192-E163-4EAF-91D1-EF7426219CFA}.Release|Any CPU.Build.0 = Release|Any CPU
		{F62641A5-8533-407E-9BCA-4C7E6699B5D2}.Debug|Any CPU.ActiveCfg = Debug|Any CPU
		{F62641A5-8533-407E-9BCA-4C7E6699B5D2}.Debug|Any CPU.Build.0 = Debug|Any CPU
		{F62641A5-8533-407E-9BCA-4C7E6699B5D2}.Release|Any CPU.ActiveCfg = Release|Any CPU
		{F62641A5-8533-407E-9BCA-4C7E6699B5D2}.Release|Any CPU.Build.0 = Release|Any CPU
		{C4B28FE6-9F7C-4F4F-B7F7-9A2DEC0E89B3}.Debug|Any CPU.ActiveCfg = Debug|Any CPU
		{C4B28FE6-9F7C-4F4F-B7F7-9A2DEC0E89B3}.Debug|Any CPU.Build.0 = Debug|Any CPU
		{C4B28FE6-9F7C-4F4F-B7F7-9A2DEC0E89B3}.Release|Any CPU.ActiveCfg = Release|Any CPU
		{C4B28FE6-9F7C-4F4F-B7F7-9A2DEC0E89B3}.Release|Any CPU.Build.0 = Release|Any CPU
		{9600FACF-971B-49A5-8C09-80CEAEA0398B}.Debug|Any CPU.ActiveCfg = Debug|Any CPU
		{9600FACF-971B-49A5-8C09-80CEAEA0398B}.Debug|Any CPU.Build.0 = Debug|Any CPU
		{9600FACF-971B-49A5-8C09-80CEAEA0398B}.Release|Any CPU.ActiveCfg = Release|Any CPU
		{9600FACF-971B-49A5-8C09-80CEAEA0398B}.Release|Any CPU.Build.0 = Release|Any CPU
		{B30B96F1-9507-4C55-973A-52B0F7770AF5}.Debug|Any CPU.ActiveCfg = Debug|Any CPU
		{B30B96F1-9507-4C55-973A-52B0F7770AF5}.Debug|Any CPU.Build.0 = Debug|Any CPU
		{B30B96F1-9507-4C55-973A-52B0F7770AF5}.Release|Any CPU.ActiveCfg = Release|Any CPU
		{B30B96F1-9507-4C55-973A-52B0F7770AF5}.Release|Any CPU.Build.0 = Release|Any CPU
		{2DC01498-374F-434E-A77A-81AB3AE1C0C5}.Debug|Any CPU.ActiveCfg = Debug|Any CPU
		{2DC01498-374F-434E-A77A-81AB3AE1C0C5}.Debug|Any CPU.Build.0 = Debug|Any CPU
		{2DC01498-374F-434E-A77A-81AB3AE1C0C5}.Release|Any CPU.ActiveCfg = Release|Any CPU
		{2DC01498-374F-434E-A77A-81AB3AE1C0C5}.Release|Any CPU.Build.0 = Release|Any CPU
		{C1595BBC-5858-408C-AED1-A8255446B411}.Debug|Any CPU.ActiveCfg = Debug|Any CPU
		{C1595BBC-5858-408C-AED1-A8255446B411}.Debug|Any CPU.Build.0 = Debug|Any CPU
		{C1595BBC-5858-408C-AED1-A8255446B411}.Release|Any CPU.ActiveCfg = Release|Any CPU
		{C1595BBC-5858-408C-AED1-A8255446B411}.Release|Any CPU.Build.0 = Release|Any CPU
		{A2DE3D15-83BE-4830-8837-496D310F62DC}.Debug|Any CPU.ActiveCfg = Debug|Any CPU
		{A2DE3D15-83BE-4830-8837-496D310F62DC}.Debug|Any CPU.Build.0 = Debug|Any CPU
		{A2DE3D15-83BE-4830-8837-496D310F62DC}.Release|Any CPU.ActiveCfg = Release|Any CPU
		{A2DE3D15-83BE-4830-8837-496D310F62DC}.Release|Any CPU.Build.0 = Release|Any CPU
		{4CAAEBEB-9652-4C96-B19B-937E2EC5F29B}.Debug|Any CPU.ActiveCfg = Debug|Any CPU
		{4CAAEBEB-9652-4C96-B19B-937E2EC5F29B}.Debug|Any CPU.Build.0 = Debug|Any CPU
		{4CAAEBEB-9652-4C96-B19B-937E2EC5F29B}.Release|Any CPU.ActiveCfg = Release|Any CPU
		{4CAAEBEB-9652-4C96-B19B-937E2EC5F29B}.Release|Any CPU.Build.0 = Release|Any CPU
		{DB13900F-0137-4254-ADD7-EBF481F4C87F}.Debug|Any CPU.ActiveCfg = Debug|Any CPU
		{DB13900F-0137-4254-ADD7-EBF481F4C87F}.Debug|Any CPU.Build.0 = Debug|Any CPU
		{DB13900F-0137-4254-ADD7-EBF481F4C87F}.Release|Any CPU.ActiveCfg = Release|Any CPU
		{DB13900F-0137-4254-ADD7-EBF481F4C87F}.Release|Any CPU.Build.0 = Release|Any CPU
		{BF7AB833-F781-4072-8051-125587E9D373}.Debug|Any CPU.ActiveCfg = Debug|Any CPU
		{BF7AB833-F781-4072-8051-125587E9D373}.Debug|Any CPU.Build.0 = Debug|Any CPU
		{BF7AB833-F781-4072-8051-125587E9D373}.Release|Any CPU.ActiveCfg = Release|Any CPU
		{BF7AB833-F781-4072-8051-125587E9D373}.Release|Any CPU.Build.0 = Release|Any CPU
		{85D12337-7A9A-4E11-A912-C71E7B0E8AEC}.Debug|Any CPU.ActiveCfg = Debug|Any CPU
		{85D12337-7A9A-4E11-A912-C71E7B0E8AEC}.Debug|Any CPU.Build.0 = Debug|Any CPU
		{85D12337-7A9A-4E11-A912-C71E7B0E8AEC}.Release|Any CPU.ActiveCfg = Release|Any CPU
		{85D12337-7A9A-4E11-A912-C71E7B0E8AEC}.Release|Any CPU.Build.0 = Release|Any CPU
		{DD161EBE-E126-4084-9985-C5AC38B2A025}.Debug|Any CPU.ActiveCfg = Debug|Any CPU
		{DD161EBE-E126-4084-9985-C5AC38B2A025}.Debug|Any CPU.Build.0 = Debug|Any CPU
		{DD161EBE-E126-4084-9985-C5AC38B2A025}.Release|Any CPU.ActiveCfg = Release|Any CPU
		{DD161EBE-E126-4084-9985-C5AC38B2A025}.Release|Any CPU.Build.0 = Release|Any CPU
		{78B321F3-0E83-4CC7-A2D9-0DF4571AF1BD}.Debug|Any CPU.ActiveCfg = Debug|Any CPU
		{78B321F3-0E83-4CC7-A2D9-0DF4571AF1BD}.Debug|Any CPU.Build.0 = Debug|Any CPU
		{78B321F3-0E83-4CC7-A2D9-0DF4571AF1BD}.Release|Any CPU.ActiveCfg = Release|Any CPU
		{78B321F3-0E83-4CC7-A2D9-0DF4571AF1BD}.Release|Any CPU.Build.0 = Release|Any CPU
		{A0CEED2C-8769-4917-AA47-C2E749517AAA}.Debug|Any CPU.ActiveCfg = Debug|Any CPU
		{A0CEED2C-8769-4917-AA47-C2E749517AAA}.Debug|Any CPU.Build.0 = Debug|Any CPU
		{A0CEED2C-8769-4917-AA47-C2E749517AAA}.Release|Any CPU.ActiveCfg = Release|Any CPU
		{A0CEED2C-8769-4917-AA47-C2E749517AAA}.Release|Any CPU.Build.0 = Release|Any CPU
		{3F83F4AE-5BC9-4741-8324-4661AE3D0295}.Debug|Any CPU.ActiveCfg = Debug|Any CPU
		{3F83F4AE-5BC9-4741-8324-4661AE3D0295}.Debug|Any CPU.Build.0 = Debug|Any CPU
		{3F83F4AE-5BC9-4741-8324-4661AE3D0295}.Release|Any CPU.ActiveCfg = Release|Any CPU
		{3F83F4AE-5BC9-4741-8324-4661AE3D0295}.Release|Any CPU.Build.0 = Release|Any CPU
		{43CEEEBB-E38E-4500-8922-435B014C6EAE}.Debug|Any CPU.ActiveCfg = Debug|Any CPU
		{43CEEEBB-E38E-4500-8922-435B014C6EAE}.Debug|Any CPU.Build.0 = Debug|Any CPU
		{43CEEEBB-E38E-4500-8922-435B014C6EAE}.Release|Any CPU.ActiveCfg = Release|Any CPU
		{43CEEEBB-E38E-4500-8922-435B014C6EAE}.Release|Any CPU.Build.0 = Release|Any CPU
		{8BD04D63-9C3A-4FB0-92CD-F41E94465B8D}.Debug|Any CPU.ActiveCfg = Debug|Any CPU
		{8BD04D63-9C3A-4FB0-92CD-F41E94465B8D}.Debug|Any CPU.Build.0 = Debug|Any CPU
		{8BD04D63-9C3A-4FB0-92CD-F41E94465B8D}.Release|Any CPU.ActiveCfg = Release|Any CPU
		{8BD04D63-9C3A-4FB0-92CD-F41E94465B8D}.Release|Any CPU.Build.0 = Release|Any CPU
		{71D6B846-2420-4C73-8920-8BDF88D04D8F}.Debug|Any CPU.ActiveCfg = Debug|Any CPU
		{71D6B846-2420-4C73-8920-8BDF88D04D8F}.Debug|Any CPU.Build.0 = Debug|Any CPU
		{71D6B846-2420-4C73-8920-8BDF88D04D8F}.Release|Any CPU.ActiveCfg = Release|Any CPU
		{71D6B846-2420-4C73-8920-8BDF88D04D8F}.Release|Any CPU.Build.0 = Release|Any CPU
		{E08105CC-9628-45F0-AE0A-E30B0C3ABF43}.Debug|Any CPU.ActiveCfg = Debug|Any CPU
		{E08105CC-9628-45F0-AE0A-E30B0C3ABF43}.Debug|Any CPU.Build.0 = Debug|Any CPU
		{E08105CC-9628-45F0-AE0A-E30B0C3ABF43}.Release|Any CPU.ActiveCfg = Release|Any CPU
		{E08105CC-9628-45F0-AE0A-E30B0C3ABF43}.Release|Any CPU.Build.0 = Release|Any CPU
		{DE7F0C14-26BD-4600-B9F6-AA9FE7928FC2}.Debug|Any CPU.ActiveCfg = Debug|Any CPU
		{DE7F0C14-26BD-4600-B9F6-AA9FE7928FC2}.Debug|Any CPU.Build.0 = Debug|Any CPU
		{DE7F0C14-26BD-4600-B9F6-AA9FE7928FC2}.Release|Any CPU.ActiveCfg = Release|Any CPU
		{DE7F0C14-26BD-4600-B9F6-AA9FE7928FC2}.Release|Any CPU.Build.0 = Release|Any CPU
		{CEEDE170-1782-4DA6-8121-0CEE96C219F9}.Debug|Any CPU.ActiveCfg = Debug|Any CPU
		{CEEDE170-1782-4DA6-8121-0CEE96C219F9}.Debug|Any CPU.Build.0 = Debug|Any CPU
		{CEEDE170-1782-4DA6-8121-0CEE96C219F9}.Release|Any CPU.ActiveCfg = Release|Any CPU
		{CEEDE170-1782-4DA6-8121-0CEE96C219F9}.Release|Any CPU.Build.0 = Release|Any CPU
		{D0AE79A0-1BB2-4288-8945-C5081D6EAF88}.Debug|Any CPU.ActiveCfg = Debug|Any CPU
		{D0AE79A0-1BB2-4288-8945-C5081D6EAF88}.Debug|Any CPU.Build.0 = Debug|Any CPU
		{D0AE79A0-1BB2-4288-8945-C5081D6EAF88}.Release|Any CPU.ActiveCfg = Release|Any CPU
		{D0AE79A0-1BB2-4288-8945-C5081D6EAF88}.Release|Any CPU.Build.0 = Release|Any CPU
		{393925BD-CF97-4FD5-A7A1-9B47A1731474}.Debug|Any CPU.ActiveCfg = Debug|Any CPU
		{393925BD-CF97-4FD5-A7A1-9B47A1731474}.Debug|Any CPU.Build.0 = Debug|Any CPU
		{393925BD-CF97-4FD5-A7A1-9B47A1731474}.Release|Any CPU.ActiveCfg = Release|Any CPU
		{393925BD-CF97-4FD5-A7A1-9B47A1731474}.Release|Any CPU.Build.0 = Release|Any CPU
		{DB715166-23EE-41E2-A31B-A93568735A1B}.Debug|Any CPU.ActiveCfg = Debug|Any CPU
		{DB715166-23EE-41E2-A31B-A93568735A1B}.Debug|Any CPU.Build.0 = Debug|Any CPU
		{DB715166-23EE-41E2-A31B-A93568735A1B}.Release|Any CPU.ActiveCfg = Release|Any CPU
		{DB715166-23EE-41E2-A31B-A93568735A1B}.Release|Any CPU.Build.0 = Release|Any CPU
		{C7C16978-DFF8-40D1-807F-0D43CBFEE21F}.Debug|Any CPU.ActiveCfg = Debug|Any CPU
		{C7C16978-DFF8-40D1-807F-0D43CBFEE21F}.Debug|Any CPU.Build.0 = Debug|Any CPU
		{C7C16978-DFF8-40D1-807F-0D43CBFEE21F}.Release|Any CPU.ActiveCfg = Release|Any CPU
		{C7C16978-DFF8-40D1-807F-0D43CBFEE21F}.Release|Any CPU.Build.0 = Release|Any CPU
		{3FE9FDB3-9C80-4A3A-9BC5-C6AA82825E1A}.Debug|Any CPU.ActiveCfg = Debug|Any CPU
		{3FE9FDB3-9C80-4A3A-9BC5-C6AA82825E1A}.Debug|Any CPU.Build.0 = Debug|Any CPU
		{3FE9FDB3-9C80-4A3A-9BC5-C6AA82825E1A}.Release|Any CPU.ActiveCfg = Release|Any CPU
		{3FE9FDB3-9C80-4A3A-9BC5-C6AA82825E1A}.Release|Any CPU.Build.0 = Release|Any CPU
		{D8EA5A5E-C988-45FB-BB87-F07DCB737FD6}.Debug|Any CPU.ActiveCfg = Debug|Any CPU
		{D8EA5A5E-C988-45FB-BB87-F07DCB737FD6}.Debug|Any CPU.Build.0 = Debug|Any CPU
		{D8EA5A5E-C988-45FB-BB87-F07DCB737FD6}.Release|Any CPU.ActiveCfg = Release|Any CPU
		{D8EA5A5E-C988-45FB-BB87-F07DCB737FD6}.Release|Any CPU.Build.0 = Release|Any CPU
		{AB196540-C915-41CB-B99C-29C3BBECD740}.Debug|Any CPU.ActiveCfg = Debug|Any CPU
		{AB196540-C915-41CB-B99C-29C3BBECD740}.Debug|Any CPU.Build.0 = Debug|Any CPU
		{AB196540-C915-41CB-B99C-29C3BBECD740}.Release|Any CPU.ActiveCfg = Release|Any CPU
		{AB196540-C915-41CB-B99C-29C3BBECD740}.Release|Any CPU.Build.0 = Release|Any CPU
		{FA4458EF-E334-4B75-9383-3810CBB322CD}.Debug|Any CPU.ActiveCfg = Debug|Any CPU
		{FA4458EF-E334-4B75-9383-3810CBB322CD}.Debug|Any CPU.Build.0 = Debug|Any CPU
		{FA4458EF-E334-4B75-9383-3810CBB322CD}.Release|Any CPU.ActiveCfg = Release|Any CPU
		{FA4458EF-E334-4B75-9383-3810CBB322CD}.Release|Any CPU.Build.0 = Release|Any CPU
		{FC8C56BE-9036-4573-BD1A-F7F70086472D}.Debug|Any CPU.ActiveCfg = Debug|Any CPU
		{FC8C56BE-9036-4573-BD1A-F7F70086472D}.Debug|Any CPU.Build.0 = Debug|Any CPU
		{FC8C56BE-9036-4573-BD1A-F7F70086472D}.Release|Any CPU.ActiveCfg = Release|Any CPU
		{FC8C56BE-9036-4573-BD1A-F7F70086472D}.Release|Any CPU.Build.0 = Release|Any CPU
		{58D473C7-5856-4BD6-B943-66A198EAD479}.Debug|Any CPU.ActiveCfg = Debug|Any CPU
		{58D473C7-5856-4BD6-B943-66A198EAD479}.Debug|Any CPU.Build.0 = Debug|Any CPU
		{58D473C7-5856-4BD6-B943-66A198EAD479}.Release|Any CPU.ActiveCfg = Release|Any CPU
		{58D473C7-5856-4BD6-B943-66A198EAD479}.Release|Any CPU.Build.0 = Release|Any CPU
		{D9C79D20-13CE-453C-9634-681EA1E7CF8D}.Debug|Any CPU.ActiveCfg = Debug|Any CPU
		{D9C79D20-13CE-453C-9634-681EA1E7CF8D}.Debug|Any CPU.Build.0 = Debug|Any CPU
		{D9C79D20-13CE-453C-9634-681EA1E7CF8D}.Release|Any CPU.ActiveCfg = Release|Any CPU
		{D9C79D20-13CE-453C-9634-681EA1E7CF8D}.Release|Any CPU.Build.0 = Release|Any CPU
		{62E843A4-D233-4AE1-9546-244E8F1ADF9F}.Debug|Any CPU.ActiveCfg = Debug|Any CPU
		{62E843A4-D233-4AE1-9546-244E8F1ADF9F}.Debug|Any CPU.Build.0 = Debug|Any CPU
		{62E843A4-D233-4AE1-9546-244E8F1ADF9F}.Release|Any CPU.ActiveCfg = Release|Any CPU
		{62E843A4-D233-4AE1-9546-244E8F1ADF9F}.Release|Any CPU.Build.0 = Release|Any CPU
		{0455CE53-4579-4B61-B4BB-02B2A9205866}.Debug|Any CPU.ActiveCfg = Debug|Any CPU
		{0455CE53-4579-4B61-B4BB-02B2A9205866}.Debug|Any CPU.Build.0 = Debug|Any CPU
		{0455CE53-4579-4B61-B4BB-02B2A9205866}.Release|Any CPU.ActiveCfg = Release|Any CPU
		{0455CE53-4579-4B61-B4BB-02B2A9205866}.Release|Any CPU.Build.0 = Release|Any CPU
		{868A0E5F-B94B-41BE-98BA-5EC474DB4A63}.Debug|Any CPU.ActiveCfg = Debug|Any CPU
		{868A0E5F-B94B-41BE-98BA-5EC474DB4A63}.Debug|Any CPU.Build.0 = Debug|Any CPU
		{868A0E5F-B94B-41BE-98BA-5EC474DB4A63}.Release|Any CPU.ActiveCfg = Release|Any CPU
		{868A0E5F-B94B-41BE-98BA-5EC474DB4A63}.Release|Any CPU.Build.0 = Release|Any CPU
		{1AC614FA-D73B-46C3-A048-1C8BC896EE8A}.Debug|Any CPU.ActiveCfg = Debug|Any CPU
		{1AC614FA-D73B-46C3-A048-1C8BC896EE8A}.Debug|Any CPU.Build.0 = Debug|Any CPU
		{1AC614FA-D73B-46C3-A048-1C8BC896EE8A}.Release|Any CPU.ActiveCfg = Release|Any CPU
		{1AC614FA-D73B-46C3-A048-1C8BC896EE8A}.Release|Any CPU.Build.0 = Release|Any CPU
		{B1B9DB9C-3809-4EDF-B678-11DC8CFDE727}.Debug|Any CPU.ActiveCfg = Debug|Any CPU
		{B1B9DB9C-3809-4EDF-B678-11DC8CFDE727}.Debug|Any CPU.Build.0 = Debug|Any CPU
		{B1B9DB9C-3809-4EDF-B678-11DC8CFDE727}.Release|Any CPU.ActiveCfg = Release|Any CPU
		{B1B9DB9C-3809-4EDF-B678-11DC8CFDE727}.Release|Any CPU.Build.0 = Release|Any CPU
		{7BAD5A10-E2BA-4011-A1C8-4FDA4E10196B}.Debug|Any CPU.ActiveCfg = Debug|Any CPU
		{7BAD5A10-E2BA-4011-A1C8-4FDA4E10196B}.Debug|Any CPU.Build.0 = Debug|Any CPU
		{7BAD5A10-E2BA-4011-A1C8-4FDA4E10196B}.Release|Any CPU.ActiveCfg = Release|Any CPU
		{7BAD5A10-E2BA-4011-A1C8-4FDA4E10196B}.Release|Any CPU.Build.0 = Release|Any CPU
		{E3D5B4BB-4C94-4CCB-A254-32C862642A11}.Debug|Any CPU.ActiveCfg = Debug|Any CPU
		{E3D5B4BB-4C94-4CCB-A254-32C862642A11}.Debug|Any CPU.Build.0 = Debug|Any CPU
		{E3D5B4BB-4C94-4CCB-A254-32C862642A11}.Release|Any CPU.ActiveCfg = Release|Any CPU
		{E3D5B4BB-4C94-4CCB-A254-32C862642A11}.Release|Any CPU.Build.0 = Release|Any CPU
		{1B5910B2-D351-4EB4-8A4F-BEC17087F95F}.Debug|Any CPU.ActiveCfg = Debug|Any CPU
		{1B5910B2-D351-4EB4-8A4F-BEC17087F95F}.Debug|Any CPU.Build.0 = Debug|Any CPU
		{1B5910B2-D351-4EB4-8A4F-BEC17087F95F}.Release|Any CPU.ActiveCfg = Release|Any CPU
		{1B5910B2-D351-4EB4-8A4F-BEC17087F95F}.Release|Any CPU.Build.0 = Release|Any CPU
		{9C5CD778-9960-493D-81CF-93976ABBA5F8}.Debug|Any CPU.ActiveCfg = Debug|Any CPU
		{9C5CD778-9960-493D-81CF-93976ABBA5F8}.Debug|Any CPU.Build.0 = Debug|Any CPU
		{9C5CD778-9960-493D-81CF-93976ABBA5F8}.Release|Any CPU.ActiveCfg = Release|Any CPU
		{9C5CD778-9960-493D-81CF-93976ABBA5F8}.Release|Any CPU.Build.0 = Release|Any CPU
		{3F475920-4A1F-441B-ABB7-6A2FE752D66A}.Debug|Any CPU.ActiveCfg = Debug|Any CPU
		{3F475920-4A1F-441B-ABB7-6A2FE752D66A}.Debug|Any CPU.Build.0 = Debug|Any CPU
		{3F475920-4A1F-441B-ABB7-6A2FE752D66A}.Release|Any CPU.ActiveCfg = Release|Any CPU
		{3F475920-4A1F-441B-ABB7-6A2FE752D66A}.Release|Any CPU.Build.0 = Release|Any CPU
		{97D755BA-455C-47A5-9175-F50C057B40EA}.Debug|Any CPU.ActiveCfg = Debug|Any CPU
		{97D755BA-455C-47A5-9175-F50C057B40EA}.Debug|Any CPU.Build.0 = Debug|Any CPU
		{97D755BA-455C-47A5-9175-F50C057B40EA}.Release|Any CPU.ActiveCfg = Release|Any CPU
		{97D755BA-455C-47A5-9175-F50C057B40EA}.Release|Any CPU.Build.0 = Release|Any CPU
		{3E80A416-DD04-42C3-9F7A-8FFC351F8977}.Debug|Any CPU.ActiveCfg = Debug|Any CPU
		{3E80A416-DD04-42C3-9F7A-8FFC351F8977}.Debug|Any CPU.Build.0 = Debug|Any CPU
		{3E80A416-DD04-42C3-9F7A-8FFC351F8977}.Release|Any CPU.ActiveCfg = Release|Any CPU
		{3E80A416-DD04-42C3-9F7A-8FFC351F8977}.Release|Any CPU.Build.0 = Release|Any CPU
		{49CED12E-BEC8-4349-B2DF-9CB1BA797B51}.Debug|Any CPU.ActiveCfg = Debug|Any CPU
		{49CED12E-BEC8-4349-B2DF-9CB1BA797B51}.Debug|Any CPU.Build.0 = Debug|Any CPU
		{49CED12E-BEC8-4349-B2DF-9CB1BA797B51}.Release|Any CPU.ActiveCfg = Release|Any CPU
		{49CED12E-BEC8-4349-B2DF-9CB1BA797B51}.Release|Any CPU.Build.0 = Release|Any CPU
		{E330BC71-4A82-44CE-BB54-882B3E1EE9F9}.Debug|Any CPU.ActiveCfg = Debug|Any CPU
		{E330BC71-4A82-44CE-BB54-882B3E1EE9F9}.Debug|Any CPU.Build.0 = Debug|Any CPU
		{E330BC71-4A82-44CE-BB54-882B3E1EE9F9}.Release|Any CPU.ActiveCfg = Release|Any CPU
		{E330BC71-4A82-44CE-BB54-882B3E1EE9F9}.Release|Any CPU.Build.0 = Release|Any CPU
		{60A876FC-FB74-4968-9EFC-7A84D2341470}.Debug|Any CPU.ActiveCfg = Debug|Any CPU
		{60A876FC-FB74-4968-9EFC-7A84D2341470}.Debug|Any CPU.Build.0 = Debug|Any CPU
		{60A876FC-FB74-4968-9EFC-7A84D2341470}.Release|Any CPU.ActiveCfg = Release|Any CPU
		{60A876FC-FB74-4968-9EFC-7A84D2341470}.Release|Any CPU.Build.0 = Release|Any CPU
		{74500995-72AB-4844-A874-7A97900C189F}.Debug|Any CPU.ActiveCfg = Debug|Any CPU
		{74500995-72AB-4844-A874-7A97900C189F}.Debug|Any CPU.Build.0 = Debug|Any CPU
		{74500995-72AB-4844-A874-7A97900C189F}.Release|Any CPU.ActiveCfg = Release|Any CPU
		{74500995-72AB-4844-A874-7A97900C189F}.Release|Any CPU.Build.0 = Release|Any CPU
		{9F0D6379-A1B9-4989-987E-9852F6861626}.Debug|Any CPU.ActiveCfg = Debug|Any CPU
		{9F0D6379-A1B9-4989-987E-9852F6861626}.Debug|Any CPU.Build.0 = Debug|Any CPU
		{9F0D6379-A1B9-4989-987E-9852F6861626}.Release|Any CPU.ActiveCfg = Release|Any CPU
		{9F0D6379-A1B9-4989-987E-9852F6861626}.Release|Any CPU.Build.0 = Release|Any CPU
		{EAC3F5F1-B544-438D-814B-513B1E2009A5}.Debug|Any CPU.ActiveCfg = Debug|Any CPU
		{EAC3F5F1-B544-438D-814B-513B1E2009A5}.Debug|Any CPU.Build.0 = Debug|Any CPU
		{EAC3F5F1-B544-438D-814B-513B1E2009A5}.Release|Any CPU.ActiveCfg = Release|Any CPU
		{EAC3F5F1-B544-438D-814B-513B1E2009A5}.Release|Any CPU.Build.0 = Release|Any CPU
		{FD26FB0D-DE6E-45E2-BFD1-429CDA3A49FC}.Debug|Any CPU.ActiveCfg = Debug|Any CPU
		{FD26FB0D-DE6E-45E2-BFD1-429CDA3A49FC}.Debug|Any CPU.Build.0 = Debug|Any CPU
		{FD26FB0D-DE6E-45E2-BFD1-429CDA3A49FC}.Release|Any CPU.ActiveCfg = Release|Any CPU
		{FD26FB0D-DE6E-45E2-BFD1-429CDA3A49FC}.Release|Any CPU.Build.0 = Release|Any CPU
		{7E0764C9-07E3-471C-9596-06EADB605993}.Debug|Any CPU.ActiveCfg = Debug|Any CPU
		{7E0764C9-07E3-471C-9596-06EADB605993}.Debug|Any CPU.Build.0 = Debug|Any CPU
		{7E0764C9-07E3-471C-9596-06EADB605993}.Release|Any CPU.ActiveCfg = Release|Any CPU
		{7E0764C9-07E3-471C-9596-06EADB605993}.Release|Any CPU.Build.0 = Release|Any CPU
		{282FA8C6-4725-48BC-91F8-E4ADBC2D023C}.Debug|Any CPU.ActiveCfg = Debug|Any CPU
		{282FA8C6-4725-48BC-91F8-E4ADBC2D023C}.Debug|Any CPU.Build.0 = Debug|Any CPU
		{282FA8C6-4725-48BC-91F8-E4ADBC2D023C}.Release|Any CPU.ActiveCfg = Release|Any CPU
		{282FA8C6-4725-48BC-91F8-E4ADBC2D023C}.Release|Any CPU.Build.0 = Release|Any CPU
		{7CEAA7D9-3E91-44E4-9A8F-00C391C3E470}.Debug|Any CPU.ActiveCfg = Debug|Any CPU
		{7CEAA7D9-3E91-44E4-9A8F-00C391C3E470}.Debug|Any CPU.Build.0 = Debug|Any CPU
		{7CEAA7D9-3E91-44E4-9A8F-00C391C3E470}.Release|Any CPU.ActiveCfg = Release|Any CPU
		{7CEAA7D9-3E91-44E4-9A8F-00C391C3E470}.Release|Any CPU.Build.0 = Release|Any CPU
		{8FD5B45A-017D-4678-81AF-06AE40780C78}.Debug|Any CPU.ActiveCfg = Debug|Any CPU
		{8FD5B45A-017D-4678-81AF-06AE40780C78}.Debug|Any CPU.Build.0 = Debug|Any CPU
		{8FD5B45A-017D-4678-81AF-06AE40780C78}.Release|Any CPU.ActiveCfg = Release|Any CPU
		{8FD5B45A-017D-4678-81AF-06AE40780C78}.Release|Any CPU.Build.0 = Release|Any CPU
		{691A2BB1-E19B-4CCF-A2A4-BB634AE7BAAF}.Debug|Any CPU.ActiveCfg = Debug|Any CPU
		{691A2BB1-E19B-4CCF-A2A4-BB634AE7BAAF}.Debug|Any CPU.Build.0 = Debug|Any CPU
		{691A2BB1-E19B-4CCF-A2A4-BB634AE7BAAF}.Release|Any CPU.ActiveCfg = Release|Any CPU
		{691A2BB1-E19B-4CCF-A2A4-BB634AE7BAAF}.Release|Any CPU.Build.0 = Release|Any CPU
		{6CF19FCC-95B2-41AE-BF96-F201520649C0}.Debug|Any CPU.ActiveCfg = Debug|Any CPU
		{6CF19FCC-95B2-41AE-BF96-F201520649C0}.Debug|Any CPU.Build.0 = Debug|Any CPU
		{6CF19FCC-95B2-41AE-BF96-F201520649C0}.Release|Any CPU.ActiveCfg = Release|Any CPU
		{6CF19FCC-95B2-41AE-BF96-F201520649C0}.Release|Any CPU.Build.0 = Release|Any CPU
		{78CF3A91-69A1-4CAC-BE13-FFD26DF4CE82}.Debug|Any CPU.ActiveCfg = Debug|Any CPU
		{78CF3A91-69A1-4CAC-BE13-FFD26DF4CE82}.Debug|Any CPU.Build.0 = Debug|Any CPU
		{78CF3A91-69A1-4CAC-BE13-FFD26DF4CE82}.Release|Any CPU.ActiveCfg = Release|Any CPU
		{78CF3A91-69A1-4CAC-BE13-FFD26DF4CE82}.Release|Any CPU.Build.0 = Release|Any CPU
		{74B4EA5D-D9A9-4630-992A-C349EC78A8B2}.Debug|Any CPU.ActiveCfg = Debug|Any CPU
		{74B4EA5D-D9A9-4630-992A-C349EC78A8B2}.Debug|Any CPU.Build.0 = Debug|Any CPU
		{74B4EA5D-D9A9-4630-992A-C349EC78A8B2}.Release|Any CPU.ActiveCfg = Release|Any CPU
		{74B4EA5D-D9A9-4630-992A-C349EC78A8B2}.Release|Any CPU.Build.0 = Release|Any CPU
		{2482CE99-4C46-44B6-9F06-8ED8483C84E3}.Debug|Any CPU.ActiveCfg = Debug|Any CPU
		{2482CE99-4C46-44B6-9F06-8ED8483C84E3}.Debug|Any CPU.Build.0 = Debug|Any CPU
		{2482CE99-4C46-44B6-9F06-8ED8483C84E3}.Release|Any CPU.ActiveCfg = Release|Any CPU
		{2482CE99-4C46-44B6-9F06-8ED8483C84E3}.Release|Any CPU.Build.0 = Release|Any CPU
		{4B7A99A1-9CF6-4E85-953F-14F1C0F95B06}.Debug|Any CPU.ActiveCfg = Debug|Any CPU
		{4B7A99A1-9CF6-4E85-953F-14F1C0F95B06}.Debug|Any CPU.Build.0 = Debug|Any CPU
		{4B7A99A1-9CF6-4E85-953F-14F1C0F95B06}.Release|Any CPU.ActiveCfg = Release|Any CPU
		{4B7A99A1-9CF6-4E85-953F-14F1C0F95B06}.Release|Any CPU.Build.0 = Release|Any CPU
		{F89509C4-0373-4274-9A68-FF322CFAFE7E}.Debug|Any CPU.ActiveCfg = Debug|Any CPU
		{F89509C4-0373-4274-9A68-FF322CFAFE7E}.Debug|Any CPU.Build.0 = Debug|Any CPU
		{F89509C4-0373-4274-9A68-FF322CFAFE7E}.Release|Any CPU.ActiveCfg = Release|Any CPU
		{F89509C4-0373-4274-9A68-FF322CFAFE7E}.Release|Any CPU.Build.0 = Release|Any CPU
		{990B4184-80CE-4E05-8835-ECF86F85F485}.Debug|Any CPU.ActiveCfg = Debug|Any CPU
		{990B4184-80CE-4E05-8835-ECF86F85F485}.Debug|Any CPU.Build.0 = Debug|Any CPU
		{990B4184-80CE-4E05-8835-ECF86F85F485}.Release|Any CPU.ActiveCfg = Release|Any CPU
		{990B4184-80CE-4E05-8835-ECF86F85F485}.Release|Any CPU.Build.0 = Release|Any CPU
		{C29A8B43-AA93-4623-81DC-4D7E06415B05}.Debug|Any CPU.ActiveCfg = Debug|Any CPU
		{C29A8B43-AA93-4623-81DC-4D7E06415B05}.Debug|Any CPU.Build.0 = Debug|Any CPU
		{C29A8B43-AA93-4623-81DC-4D7E06415B05}.Release|Any CPU.ActiveCfg = Release|Any CPU
		{C29A8B43-AA93-4623-81DC-4D7E06415B05}.Release|Any CPU.Build.0 = Release|Any CPU
		{EA8D1E93-D9F6-4B2D-A87A-15846AB6FC1A}.Debug|Any CPU.ActiveCfg = Debug|Any CPU
		{EA8D1E93-D9F6-4B2D-A87A-15846AB6FC1A}.Debug|Any CPU.Build.0 = Debug|Any CPU
		{EA8D1E93-D9F6-4B2D-A87A-15846AB6FC1A}.Release|Any CPU.ActiveCfg = Release|Any CPU
		{EA8D1E93-D9F6-4B2D-A87A-15846AB6FC1A}.Release|Any CPU.Build.0 = Release|Any CPU
		{7CF9DD15-87A8-4606-A22E-90DB1B76D308}.Debug|Any CPU.ActiveCfg = Debug|Any CPU
		{7CF9DD15-87A8-4606-A22E-90DB1B76D308}.Debug|Any CPU.Build.0 = Debug|Any CPU
		{7CF9DD15-87A8-4606-A22E-90DB1B76D308}.Release|Any CPU.ActiveCfg = Release|Any CPU
		{7CF9DD15-87A8-4606-A22E-90DB1B76D308}.Release|Any CPU.Build.0 = Release|Any CPU
		{342490DD-ABCC-4E0B-A0A2-62D87935DF51}.Debug|Any CPU.ActiveCfg = Debug|Any CPU
		{342490DD-ABCC-4E0B-A0A2-62D87935DF51}.Debug|Any CPU.Build.0 = Debug|Any CPU
		{342490DD-ABCC-4E0B-A0A2-62D87935DF51}.Release|Any CPU.ActiveCfg = Release|Any CPU
		{342490DD-ABCC-4E0B-A0A2-62D87935DF51}.Release|Any CPU.Build.0 = Release|Any CPU
		{357988CB-6E01-4ACB-8AFC-3EEED755FE14}.Debug|Any CPU.ActiveCfg = Debug|Any CPU
		{357988CB-6E01-4ACB-8AFC-3EEED755FE14}.Debug|Any CPU.Build.0 = Debug|Any CPU
		{357988CB-6E01-4ACB-8AFC-3EEED755FE14}.Release|Any CPU.ActiveCfg = Release|Any CPU
		{357988CB-6E01-4ACB-8AFC-3EEED755FE14}.Release|Any CPU.Build.0 = Release|Any CPU
	EndGlobalSection
	GlobalSection(SolutionProperties) = preSolution
		HideSolutionNode = FALSE
	EndGlobalSection
	GlobalSection(NestedProjects) = preSolution
		{13899A68-2D0F-45F0-8D4F-4AFB51FB68A8} = {74083E6E-C429-479A-AD58-4BD833B19369}
		{FF63A7B0-B59B-4127-AF16-C4E593ABAF47} = {74083E6E-C429-479A-AD58-4BD833B19369}
		{1DCA7E30-01FE-4BFB-A827-35C93692BC35} = {74083E6E-C429-479A-AD58-4BD833B19369}
		{B17809E6-5221-4931-AF1E-30223819514F} = {73471248-6D65-41EF-B284-F7426C364569}
		{D12EBBE6-842E-4E4E-B892-5B099C8C5E01} = {83925258-A7FF-4B3B-B547-71A4F832FC87}
		{6909941D-B2FD-4F83-BBB4-50884082FBA6} = {83925258-A7FF-4B3B-B547-71A4F832FC87}
		{8594016F-3CA7-498B-B483-7F26EE7D6214} = {83925258-A7FF-4B3B-B547-71A4F832FC87}
		{F7AA6A58-3D1D-41A5-9476-30578F9547EE} = {83925258-A7FF-4B3B-B547-71A4F832FC87}
		{F08CB313-1428-4E99-A079-9F563C75B929} = {83925258-A7FF-4B3B-B547-71A4F832FC87}
		{FCA814A5-51D1-4F8C-8711-CB63FC060C1B} = {83925258-A7FF-4B3B-B547-71A4F832FC87}
		{1986F4D5-D66F-4647-964A-C0F585370F58} = {83925258-A7FF-4B3B-B547-71A4F832FC87}
		{75DB3D00-EC4B-49ED-A400-2F82ABA6F11C} = {83925258-A7FF-4B3B-B547-71A4F832FC87}
		{937DA192-E163-4EAF-91D1-EF7426219CFA} = {ADDABB52-DF7D-4273-A466-53F9102016BE}
		{F62641A5-8533-407E-9BCA-4C7E6699B5D2} = {ADDABB52-DF7D-4273-A466-53F9102016BE}
		{C4B28FE6-9F7C-4F4F-B7F7-9A2DEC0E89B3} = {ADDABB52-DF7D-4273-A466-53F9102016BE}
		{9600FACF-971B-49A5-8C09-80CEAEA0398B} = {ADDABB52-DF7D-4273-A466-53F9102016BE}
		{B30B96F1-9507-4C55-973A-52B0F7770AF5} = {83925258-A7FF-4B3B-B547-71A4F832FC87}
		{2DC01498-374F-434E-A77A-81AB3AE1C0C5} = {83925258-A7FF-4B3B-B547-71A4F832FC87}
		{C1595BBC-5858-408C-AED1-A8255446B411} = {83925258-A7FF-4B3B-B547-71A4F832FC87}
		{A2DE3D15-83BE-4830-8837-496D310F62DC} = {83925258-A7FF-4B3B-B547-71A4F832FC87}
		{4CAAEBEB-9652-4C96-B19B-937E2EC5F29B} = {83925258-A7FF-4B3B-B547-71A4F832FC87}
		{DB13900F-0137-4254-ADD7-EBF481F4C87F} = {83925258-A7FF-4B3B-B547-71A4F832FC87}
		{BF7AB833-F781-4072-8051-125587E9D373} = {ADDABB52-DF7D-4273-A466-53F9102016BE}
		{85D12337-7A9A-4E11-A912-C71E7B0E8AEC} = {ADDABB52-DF7D-4273-A466-53F9102016BE}
		{DD161EBE-E126-4084-9985-C5AC38B2A025} = {2D99535F-76EA-475D-A1E1-A1EB84152F58}
		{78B321F3-0E83-4CC7-A2D9-0DF4571AF1BD} = {2D99535F-76EA-475D-A1E1-A1EB84152F58}
		{A0CEED2C-8769-4917-AA47-C2E749517AAA} = {2D99535F-76EA-475D-A1E1-A1EB84152F58}
		{3F83F4AE-5BC9-4741-8324-4661AE3D0295} = {2D99535F-76EA-475D-A1E1-A1EB84152F58}
		{43CEEEBB-E38E-4500-8922-435B014C6EAE} = {2D99535F-76EA-475D-A1E1-A1EB84152F58}
		{8BD04D63-9C3A-4FB0-92CD-F41E94465B8D} = {2D99535F-76EA-475D-A1E1-A1EB84152F58}
		{71D6B846-2420-4C73-8920-8BDF88D04D8F} = {2D99535F-76EA-475D-A1E1-A1EB84152F58}
		{E08105CC-9628-45F0-AE0A-E30B0C3ABF43} = {ADDABB52-DF7D-4273-A466-53F9102016BE}
		{DE7F0C14-26BD-4600-B9F6-AA9FE7928FC2} = {ADDABB52-DF7D-4273-A466-53F9102016BE}
		{CEEDE170-1782-4DA6-8121-0CEE96C219F9} = {ADDABB52-DF7D-4273-A466-53F9102016BE}
		{D0AE79A0-1BB2-4288-8945-C5081D6EAF88} = {ADDABB52-DF7D-4273-A466-53F9102016BE}
		{393925BD-CF97-4FD5-A7A1-9B47A1731474} = {ADDABB52-DF7D-4273-A466-53F9102016BE}
		{DB715166-23EE-41E2-A31B-A93568735A1B} = {ADDABB52-DF7D-4273-A466-53F9102016BE}
		{C7C16978-DFF8-40D1-807F-0D43CBFEE21F} = {ADDABB52-DF7D-4273-A466-53F9102016BE}
		{3FE9FDB3-9C80-4A3A-9BC5-C6AA82825E1A} = {9C6F7C3F-227A-4390-8928-BED9C79D4744}
		{D8EA5A5E-C988-45FB-BB87-F07DCB737FD6} = {9C6F7C3F-227A-4390-8928-BED9C79D4744}
		{AB196540-C915-41CB-B99C-29C3BBECD740} = {9C6F7C3F-227A-4390-8928-BED9C79D4744}
		{FA4458EF-E334-4B75-9383-3810CBB322CD} = {9C6F7C3F-227A-4390-8928-BED9C79D4744}
		{FC8C56BE-9036-4573-BD1A-F7F70086472D} = {9C6F7C3F-227A-4390-8928-BED9C79D4744}
		{58D473C7-5856-4BD6-B943-66A198EAD479} = {9C6F7C3F-227A-4390-8928-BED9C79D4744}
		{D9C79D20-13CE-453C-9634-681EA1E7CF8D} = {9C6F7C3F-227A-4390-8928-BED9C79D4744}
		{62E843A4-D233-4AE1-9546-244E8F1ADF9F} = {9C6F7C3F-227A-4390-8928-BED9C79D4744}
		{0455CE53-4579-4B61-B4BB-02B2A9205866} = {9C6F7C3F-227A-4390-8928-BED9C79D4744}
		{868A0E5F-B94B-41BE-98BA-5EC474DB4A63} = {9C6F7C3F-227A-4390-8928-BED9C79D4744}
		{1AC614FA-D73B-46C3-A048-1C8BC896EE8A} = {4B7CAA29-3420-4A34-AC09-BFF1732447F8}
		{B1B9DB9C-3809-4EDF-B678-11DC8CFDE727} = {4B7CAA29-3420-4A34-AC09-BFF1732447F8}
		{7BAD5A10-E2BA-4011-A1C8-4FDA4E10196B} = {FC177D01-9509-4039-8DB1-5711A223F6E1}
		{E3D5B4BB-4C94-4CCB-A254-32C862642A11} = {FC177D01-9509-4039-8DB1-5711A223F6E1}
		{1B5910B2-D351-4EB4-8A4F-BEC17087F95F} = {FC177D01-9509-4039-8DB1-5711A223F6E1}
		{9C5CD778-9960-493D-81CF-93976ABBA5F8} = {FC177D01-9509-4039-8DB1-5711A223F6E1}
		{3F475920-4A1F-441B-ABB7-6A2FE752D66A} = {FC177D01-9509-4039-8DB1-5711A223F6E1}
		{97D755BA-455C-47A5-9175-F50C057B40EA} = {FC177D01-9509-4039-8DB1-5711A223F6E1}
		{3E80A416-DD04-42C3-9F7A-8FFC351F8977} = {FC177D01-9509-4039-8DB1-5711A223F6E1}
		{49CED12E-BEC8-4349-B2DF-9CB1BA797B51} = {FC177D01-9509-4039-8DB1-5711A223F6E1}
		{E330BC71-4A82-44CE-BB54-882B3E1EE9F9} = {FC177D01-9509-4039-8DB1-5711A223F6E1}
		{60A876FC-FB74-4968-9EFC-7A84D2341470} = {FC177D01-9509-4039-8DB1-5711A223F6E1}
		{74500995-72AB-4844-A874-7A97900C189F} = {FC177D01-9509-4039-8DB1-5711A223F6E1}
		{9F0D6379-A1B9-4989-987E-9852F6861626} = {A1A0FD93-18F2-45DD-AE7F-6B591F9657F3}
		{EAC3F5F1-B544-438D-814B-513B1E2009A5} = {A1A0FD93-18F2-45DD-AE7F-6B591F9657F3}
		{FD26FB0D-DE6E-45E2-BFD1-429CDA3A49FC} = {A1A0FD93-18F2-45DD-AE7F-6B591F9657F3}
		{7E0764C9-07E3-471C-9596-06EADB605993} = {A1A0FD93-18F2-45DD-AE7F-6B591F9657F3}
		{282FA8C6-4725-48BC-91F8-E4ADBC2D023C} = {A1A0FD93-18F2-45DD-AE7F-6B591F9657F3}
		{7CEAA7D9-3E91-44E4-9A8F-00C391C3E470} = {A1A0FD93-18F2-45DD-AE7F-6B591F9657F3}
		{8FD5B45A-017D-4678-81AF-06AE40780C78} = {33364F0A-CCCA-46F2-885A-3B6846418674}
		{691A2BB1-E19B-4CCF-A2A4-BB634AE7BAAF} = {33364F0A-CCCA-46F2-885A-3B6846418674}
		{6CF19FCC-95B2-41AE-BF96-F201520649C0} = {33364F0A-CCCA-46F2-885A-3B6846418674}
		{78CF3A91-69A1-4CAC-BE13-FFD26DF4CE82} = {33364F0A-CCCA-46F2-885A-3B6846418674}
		{74B4EA5D-D9A9-4630-992A-C349EC78A8B2} = {DA601DB0-8A86-454E-8CE5-44BAB388BB39}
		{2482CE99-4C46-44B6-9F06-8ED8483C84E3} = {DA601DB0-8A86-454E-8CE5-44BAB388BB39}
		{4B7A99A1-9CF6-4E85-953F-14F1C0F95B06} = {DA601DB0-8A86-454E-8CE5-44BAB388BB39}
		{F89509C4-0373-4274-9A68-FF322CFAFE7E} = {BFDF221B-C695-446D-8171-0CB72C6E2733}
		{990B4184-80CE-4E05-8835-ECF86F85F485} = {DA601DB0-8A86-454E-8CE5-44BAB388BB39}
		{C29A8B43-AA93-4623-81DC-4D7E06415B05} = {2250B35B-E5A1-4574-826F-F87B2DAD125C}
		{EA8D1E93-D9F6-4B2D-A87A-15846AB6FC1A} = {2250B35B-E5A1-4574-826F-F87B2DAD125C}
		{7CF9DD15-87A8-4606-A22E-90DB1B76D308} = {2250B35B-E5A1-4574-826F-F87B2DAD125C}
		{342490DD-ABCC-4E0B-A0A2-62D87935DF51} = {2250B35B-E5A1-4574-826F-F87B2DAD125C}
		{357988CB-6E01-4ACB-8AFC-3EEED755FE14} = {85E1D7E9-F4E1-42DF-A27E-FF617D380442}
	EndGlobalSection
	GlobalSection(ExtensibilityGlobals) = postSolution
		SolutionGuid = {CEBD804E-2801-4E3C-B04B-5395F37855BF}
	EndGlobalSection
EndGlobal
